// !$*UTF8*$!
{
	archiveVersion = 1;
	classes = {
	};
	objectVersion = 56;
	objects = {

/* Begin PBXBuildFile section */
		BD333CB22A8C036400E98753 /* EatForAllApp.swift in Sources */ = {isa = PBXBuildFile; fileRef = BD333CB12A8C036400E98753 /* EatForAllApp.swift */; };
		BD333CB42A8C036400E98753 /* ContentView.swift in Sources */ = {isa = PBXBuildFile; fileRef = BD333CB32A8C036400E98753 /* ContentView.swift */; };
		BD333CB62A8C036500E98753 /* Assets.xcassets in Resources */ = {isa = PBXBuildFile; fileRef = BD333CB52A8C036500E98753 /* Assets.xcassets */; };
		BD333CB92A8C036500E98753 /* Preview Assets.xcassets in Resources */ = {isa = PBXBuildFile; fileRef = BD333CB82A8C036500E98753 /* Preview Assets.xcassets */; };
		BD333CC32A8C036500E98753 /* EatForAllTests.swift in Sources */ = {isa = PBXBuildFile; fileRef = BD333CC22A8C036500E98753 /* EatForAllTests.swift */; };
		BD333CCD2A8C036500E98753 /* EatForAllUITests.swift in Sources */ = {isa = PBXBuildFile; fileRef = BD333CCC2A8C036500E98753 /* EatForAllUITests.swift */; };
		BD333CCF2A8C036500E98753 /* EatForAllUITestsLaunchTests.swift in Sources */ = {isa = PBXBuildFile; fileRef = BD333CCE2A8C036500E98753 /* EatForAllUITestsLaunchTests.swift */; };
/* End PBXBuildFile section */

/* Begin PBXContainerItemProxy section */
		BD333CBF2A8C036500E98753 /* PBXContainerItemProxy */ = {
			isa = PBXContainerItemProxy;
			containerPortal = BD333CA62A8C036300E98753 /* Project object */;
			proxyType = 1;
			remoteGlobalIDString = BD333CAD2A8C036400E98753;
			remoteInfo = EatForAll;
		};
		BD333CC92A8C036500E98753 /* PBXContainerItemProxy */ = {
			isa = PBXContainerItemProxy;
			containerPortal = BD333CA62A8C036300E98753 /* Project object */;
			proxyType = 1;
			remoteGlobalIDString = BD333CAD2A8C036400E98753;
			remoteInfo = EatForAll;
		};
/* End PBXContainerItemProxy section */

/* Begin PBXFileReference section */
		BD333CAE2A8C036400E98753 /* EatForAll.app */ = {isa = PBXFileReference; explicitFileType = wrapper.application; includeInIndex = 0; path = EatForAll.app; sourceTree = BUILT_PRODUCTS_DIR; };
		BD333CB12A8C036400E98753 /* EatForAllApp.swift */ = {isa = PBXFileReference; lastKnownFileType = sourcecode.swift; path = EatForAllApp.swift; sourceTree = "<group>"; };
		BD333CB32A8C036400E98753 /* ContentView.swift */ = {isa = PBXFileReference; lastKnownFileType = sourcecode.swift; path = ContentView.swift; sourceTree = "<group>"; };
		BD333CB52A8C036500E98753 /* Assets.xcassets */ = {isa = PBXFileReference; lastKnownFileType = folder.assetcatalog; path = Assets.xcassets; sourceTree = "<group>"; };
		BD333CB82A8C036500E98753 /* Preview Assets.xcassets */ = {isa = PBXFileReference; lastKnownFileType = folder.assetcatalog; path = "Preview Assets.xcassets"; sourceTree = "<group>"; };
		BD333CBE2A8C036500E98753 /* EatForAllTests.xctest */ = {isa = PBXFileReference; explicitFileType = wrapper.cfbundle; includeInIndex = 0; path = EatForAllTests.xctest; sourceTree = BUILT_PRODUCTS_DIR; };
		BD333CC22A8C036500E98753 /* EatForAllTests.swift */ = {isa = PBXFileReference; lastKnownFileType = sourcecode.swift; path = EatForAllTests.swift; sourceTree = "<group>"; };
		BD333CC82A8C036500E98753 /* EatForAllUITests.xctest */ = {isa = PBXFileReference; explicitFileType = wrapper.cfbundle; includeInIndex = 0; path = EatForAllUITests.xctest; sourceTree = BUILT_PRODUCTS_DIR; };
		BD333CCC2A8C036500E98753 /* EatForAllUITests.swift */ = {isa = PBXFileReference; lastKnownFileType = sourcecode.swift; path = EatForAllUITests.swift; sourceTree = "<group>"; };
		BD333CCE2A8C036500E98753 /* EatForAllUITestsLaunchTests.swift */ = {isa = PBXFileReference; lastKnownFileType = sourcecode.swift; path = EatForAllUITestsLaunchTests.swift; sourceTree = "<group>"; };
/* End PBXFileReference section */

/* Begin PBXFrameworksBuildPhase section */
		BD333CAB2A8C036400E98753 /* Frameworks */ = {
			isa = PBXFrameworksBuildPhase;
			buildActionMask = 2147483647;
			files = (
			);
			runOnlyForDeploymentPostprocessing = 0;
		};
		BD333CBB2A8C036500E98753 /* Frameworks */ = {
			isa = PBXFrameworksBuildPhase;
			buildActionMask = 2147483647;
			files = (
			);
			runOnlyForDeploymentPostprocessing = 0;
		};
		BD333CC52A8C036500E98753 /* Frameworks */ = {
			isa = PBXFrameworksBuildPhase;
			buildActionMask = 2147483647;
			files = (
			);
			runOnlyForDeploymentPostprocessing = 0;
		};
/* End PBXFrameworksBuildPhase section */

/* Begin PBXGroup section */
		BD333CA52A8C036300E98753 = {
			isa = PBXGroup;
			children = (
				BD333CB02A8C036400E98753 /* EatForAll */,
				BD333CC12A8C036500E98753 /* EatForAllTests */,
				BD333CCB2A8C036500E98753 /* EatForAllUITests */,
				BD333CAF2A8C036400E98753 /* Products */,
			);
			sourceTree = "<group>";
		};
		BD333CAF2A8C036400E98753 /* Products */ = {
			isa = PBXGroup;
			children = (
				BD333CAE2A8C036400E98753 /* EatForAll.app */,
				BD333CBE2A8C036500E98753 /* EatForAllTests.xctest */,
				BD333CC82A8C036500E98753 /* EatForAllUITests.xctest */,
			);
			name = Products;
			sourceTree = "<group>";
		};
		BD333CB02A8C036400E98753 /* EatForAll */ = {
			isa = PBXGroup;
			children = (
				BD333CB12A8C036400E98753 /* EatForAllApp.swift */,
				BD333CB32A8C036400E98753 /* ContentView.swift */,
				BD333CB52A8C036500E98753 /* Assets.xcassets */,
				BD333CB72A8C036500E98753 /* Preview Content */,
			);
			path = EatForAll;
			sourceTree = "<group>";
		};
		BD333CB72A8C036500E98753 /* Preview Content */ = {
			isa = PBXGroup;
			children = (
				BD333CB82A8C036500E98753 /* Preview Assets.xcassets */,
			);
			path = "Preview Content";
			sourceTree = "<group>";
		};
		BD333CC12A8C036500E98753 /* EatForAllTests */ = {
			isa = PBXGroup;
			children = (
				BD333CC22A8C036500E98753 /* EatForAllTests.swift */,
			);
			path = EatForAllTests;
			sourceTree = "<group>";
		};
		BD333CCB2A8C036500E98753 /* EatForAllUITests */ = {
			isa = PBXGroup;
			children = (
				BD333CCC2A8C036500E98753 /* EatForAllUITests.swift */,
				BD333CCE2A8C036500E98753 /* EatForAllUITestsLaunchTests.swift */,
			);
			path = EatForAllUITests;
			sourceTree = "<group>";
		};
/* End PBXGroup section */

/* Begin PBXNativeTarget section */
		BD333CAD2A8C036400E98753 /* EatForAll */ = {
			isa = PBXNativeTarget;
			buildConfigurationList = BD333CD22A8C036500E98753 /* Build configuration list for PBXNativeTarget "EatForAll" */;
			buildPhases = (
				BD333CAA2A8C036400E98753 /* Sources */,
				BD333CAB2A8C036400E98753 /* Frameworks */,
				BD333CAC2A8C036400E98753 /* Resources */,
			);
			buildRules = (
			);
			dependencies = (
			);
			name = EatForAll;
			productName = EatForAll;
			productReference = BD333CAE2A8C036400E98753 /* EatForAll.app */;
			productType = "com.apple.product-type.application";
		};
		BD333CBD2A8C036500E98753 /* EatForAllTests */ = {
			isa = PBXNativeTarget;
			buildConfigurationList = BD333CD52A8C036500E98753 /* Build configuration list for PBXNativeTarget "EatForAllTests" */;
			buildPhases = (
				BD333CBA2A8C036500E98753 /* Sources */,
				BD333CBB2A8C036500E98753 /* Frameworks */,
				BD333CBC2A8C036500E98753 /* Resources */,
			);
			buildRules = (
			);
			dependencies = (
				BD333CC02A8C036500E98753 /* PBXTargetDependency */,
			);
			name = EatForAllTests;
			productName = EatForAllTests;
			productReference = BD333CBE2A8C036500E98753 /* EatForAllTests.xctest */;
			productType = "com.apple.product-type.bundle.unit-test";
		};
		BD333CC72A8C036500E98753 /* EatForAllUITests */ = {
			isa = PBXNativeTarget;
			buildConfigurationList = BD333CD82A8C036500E98753 /* Build configuration list for PBXNativeTarget "EatForAllUITests" */;
			buildPhases = (
				BD333CC42A8C036500E98753 /* Sources */,
				BD333CC52A8C036500E98753 /* Frameworks */,
				BD333CC62A8C036500E98753 /* Resources */,
			);
			buildRules = (
			);
			dependencies = (
				BD333CCA2A8C036500E98753 /* PBXTargetDependency */,
			);
			name = EatForAllUITests;
			productName = EatForAllUITests;
			productReference = BD333CC82A8C036500E98753 /* EatForAllUITests.xctest */;
			productType = "com.apple.product-type.bundle.ui-testing";
		};
/* End PBXNativeTarget section */

/* Begin PBXProject section */
		BD333CA62A8C036300E98753 /* Project object */ = {
			isa = PBXProject;
			attributes = {
				BuildIndependentTargetsInParallel = 1;
				LastSwiftUpdateCheck = 1430;
				LastUpgradeCheck = 1430;
				TargetAttributes = {
					BD333CAD2A8C036400E98753 = {
						CreatedOnToolsVersion = 14.3.1;
					};
					BD333CBD2A8C036500E98753 = {
						CreatedOnToolsVersion = 14.3.1;
						TestTargetID = BD333CAD2A8C036400E98753;
					};
					BD333CC72A8C036500E98753 = {
						CreatedOnToolsVersion = 14.3.1;
						TestTargetID = BD333CAD2A8C036400E98753;
					};
				};
			};
			buildConfigurationList = BD333CA92A8C036300E98753 /* Build configuration list for PBXProject "EatForAll" */;
			compatibilityVersion = "Xcode 14.0";
			developmentRegion = en;
			hasScannedForEncodings = 0;
			knownRegions = (
				en,
				Base,
			);
			mainGroup = BD333CA52A8C036300E98753;
			productRefGroup = BD333CAF2A8C036400E98753 /* Products */;
			projectDirPath = "";
			projectRoot = "";
			targets = (
				BD333CAD2A8C036400E98753 /* EatForAll */,
				BD333CBD2A8C036500E98753 /* EatForAllTests */,
				BD333CC72A8C036500E98753 /* EatForAllUITests */,
			);
		};
/* End PBXProject section */

/* Begin PBXResourcesBuildPhase section */
		BD333CAC2A8C036400E98753 /* Resources */ = {
			isa = PBXResourcesBuildPhase;
			buildActionMask = 2147483647;
			files = (
				BD333CB92A8C036500E98753 /* Preview Assets.xcassets in Resources */,
				BD333CB62A8C036500E98753 /* Assets.xcassets in Resources */,
			);
			runOnlyForDeploymentPostprocessing = 0;
		};
		BD333CBC2A8C036500E98753 /* Resources */ = {
			isa = PBXResourcesBuildPhase;
			buildActionMask = 2147483647;
			files = (
			);
			runOnlyForDeploymentPostprocessing = 0;
		};
		BD333CC62A8C036500E98753 /* Resources */ = {
			isa = PBXResourcesBuildPhase;
			buildActionMask = 2147483647;
			files = (
			);
			runOnlyForDeploymentPostprocessing = 0;
		};
/* End PBXResourcesBuildPhase section */

/* Begin PBXSourcesBuildPhase section */
		BD333CAA2A8C036400E98753 /* Sources */ = {
			isa = PBXSourcesBuildPhase;
			buildActionMask = 2147483647;
			files = (
				BD333CB42A8C036400E98753 /* ContentView.swift in Sources */,
				BD333CB22A8C036400E98753 /* EatForAllApp.swift in Sources */,
			);
			runOnlyForDeploymentPostprocessing = 0;
		};
		BD333CBA2A8C036500E98753 /* Sources */ = {
			isa = PBXSourcesBuildPhase;
			buildActionMask = 2147483647;
			files = (
				BD333CC32A8C036500E98753 /* EatForAllTests.swift in Sources */,
			);
			runOnlyForDeploymentPostprocessing = 0;
		};
		BD333CC42A8C036500E98753 /* Sources */ = {
			isa = PBXSourcesBuildPhase;
			buildActionMask = 2147483647;
			files = (
				BD333CCD2A8C036500E98753 /* EatForAllUITests.swift in Sources */,
				BD333CCF2A8C036500E98753 /* EatForAllUITestsLaunchTests.swift in Sources */,
			);
			runOnlyForDeploymentPostprocessing = 0;
		};
/* End PBXSourcesBuildPhase section */

/* Begin PBXTargetDependency section */
		BD333CC02A8C036500E98753 /* PBXTargetDependency */ = {
			isa = PBXTargetDependency;
			target = BD333CAD2A8C036400E98753 /* EatForAll */;
			targetProxy = BD333CBF2A8C036500E98753 /* PBXContainerItemProxy */;
		};
		BD333CCA2A8C036500E98753 /* PBXTargetDependency */ = {
			isa = PBXTargetDependency;
			target = BD333CAD2A8C036400E98753 /* EatForAll */;
			targetProxy = BD333CC92A8C036500E98753 /* PBXContainerItemProxy */;
		};
/* End PBXTargetDependency section */

/* Begin XCBuildConfiguration section */
		BD333CD02A8C036500E98753 /* Debug */ = {
			isa = XCBuildConfiguration;
			buildSettings = {
				ALWAYS_SEARCH_USER_PATHS = NO;
				CLANG_ANALYZER_NONNULL = YES;
				CLANG_ANALYZER_NUMBER_OBJECT_CONVERSION = YES_AGGRESSIVE;
				CLANG_CXX_LANGUAGE_STANDARD = "gnu++20";
				CLANG_ENABLE_MODULES = YES;
				CLANG_ENABLE_OBJC_ARC = YES;
				CLANG_ENABLE_OBJC_WEAK = YES;
				CLANG_WARN_BLOCK_CAPTURE_AUTORELEASING = YES;
				CLANG_WARN_BOOL_CONVERSION = YES;
				CLANG_WARN_COMMA = YES;
				CLANG_WARN_CONSTANT_CONVERSION = YES;
				CLANG_WARN_DEPRECATED_OBJC_IMPLEMENTATIONS = YES;
				CLANG_WARN_DIRECT_OBJC_ISA_USAGE = YES_ERROR;
				CLANG_WARN_DOCUMENTATION_COMMENTS = YES;
				CLANG_WARN_EMPTY_BODY = YES;
				CLANG_WARN_ENUM_CONVERSION = YES;
				CLANG_WARN_INFINITE_RECURSION = YES;
				CLANG_WARN_INT_CONVERSION = YES;
				CLANG_WARN_NON_LITERAL_NULL_CONVERSION = YES;
				CLANG_WARN_OBJC_IMPLICIT_RETAIN_SELF = YES;
				CLANG_WARN_OBJC_LITERAL_CONVERSION = YES;
				CLANG_WARN_OBJC_ROOT_CLASS = YES_ERROR;
				CLANG_WARN_QUOTED_INCLUDE_IN_FRAMEWORK_HEADER = YES;
				CLANG_WARN_RANGE_LOOP_ANALYSIS = YES;
				CLANG_WARN_STRICT_PROTOTYPES = YES;
				CLANG_WARN_SUSPICIOUS_MOVE = YES;
				CLANG_WARN_UNGUARDED_AVAILABILITY = YES_AGGRESSIVE;
				CLANG_WARN_UNREACHABLE_CODE = YES;
				CLANG_WARN__DUPLICATE_METHOD_MATCH = YES;
				COPY_PHASE_STRIP = NO;
				DEBUG_INFORMATION_FORMAT = dwarf;
				ENABLE_STRICT_OBJC_MSGSEND = YES;
				ENABLE_TESTABILITY = YES;
				GCC_C_LANGUAGE_STANDARD = gnu11;
				GCC_DYNAMIC_NO_PIC = NO;
				GCC_NO_COMMON_BLOCKS = YES;
				GCC_OPTIMIZATION_LEVEL = 0;
				GCC_PREPROCESSOR_DEFINITIONS = (
					"DEBUG=1",
					"$(inherited)",
				);
				GCC_WARN_64_TO_32_BIT_CONVERSION = YES;
				GCC_WARN_ABOUT_RETURN_TYPE = YES_ERROR;
				GCC_WARN_UNDECLARED_SELECTOR = YES;
				GCC_WARN_UNINITIALIZED_AUTOS = YES_AGGRESSIVE;
				GCC_WARN_UNUSED_FUNCTION = YES;
				GCC_WARN_UNUSED_VARIABLE = YES;
				IPHONEOS_DEPLOYMENT_TARGET = 16.4;
				MTL_ENABLE_DEBUG_INFO = INCLUDE_SOURCE;
				MTL_FAST_MATH = YES;
				ONLY_ACTIVE_ARCH = YES;
				SDKROOT = iphoneos;
				SWIFT_ACTIVE_COMPILATION_CONDITIONS = DEBUG;
				SWIFT_OPTIMIZATION_LEVEL = "-Onone";
			};
			name = Debug;
		};
		BD333CD12A8C036500E98753 /* Release */ = {
			isa = XCBuildConfiguration;
			buildSettings = {
				ALWAYS_SEARCH_USER_PATHS = NO;
				CLANG_ANALYZER_NONNULL = YES;
				CLANG_ANALYZER_NUMBER_OBJECT_CONVERSION = YES_AGGRESSIVE;
				CLANG_CXX_LANGUAGE_STANDARD = "gnu++20";
				CLANG_ENABLE_MODULES = YES;
				CLANG_ENABLE_OBJC_ARC = YES;
				CLANG_ENABLE_OBJC_WEAK = YES;
				CLANG_WARN_BLOCK_CAPTURE_AUTORELEASING = YES;
				CLANG_WARN_BOOL_CONVERSION = YES;
				CLANG_WARN_COMMA = YES;
				CLANG_WARN_CONSTANT_CONVERSION = YES;
				CLANG_WARN_DEPRECATED_OBJC_IMPLEMENTATIONS = YES;
				CLANG_WARN_DIRECT_OBJC_ISA_USAGE = YES_ERROR;
				CLANG_WARN_DOCUMENTATION_COMMENTS = YES;
				CLANG_WARN_EMPTY_BODY = YES;
				CLANG_WARN_ENUM_CONVERSION = YES;
				CLANG_WARN_INFINITE_RECURSION = YES;
				CLANG_WARN_INT_CONVERSION = YES;
				CLANG_WARN_NON_LITERAL_NULL_CONVERSION = YES;
				CLANG_WARN_OBJC_IMPLICIT_RETAIN_SELF = YES;
				CLANG_WARN_OBJC_LITERAL_CONVERSION = YES;
				CLANG_WARN_OBJC_ROOT_CLASS = YES_ERROR;
				CLANG_WARN_QUOTED_INCLUDE_IN_FRAMEWORK_HEADER = YES;
				CLANG_WARN_RANGE_LOOP_ANALYSIS = YES;
				CLANG_WARN_STRICT_PROTOTYPES = YES;
				CLANG_WARN_SUSPICIOUS_MOVE = YES;
				CLANG_WARN_UNGUARDED_AVAILABILITY = YES_AGGRESSIVE;
				CLANG_WARN_UNREACHABLE_CODE = YES;
				CLANG_WARN__DUPLICATE_METHOD_MATCH = YES;
				COPY_PHASE_STRIP = NO;
				DEBUG_INFORMATION_FORMAT = "dwarf-with-dsym";
				ENABLE_NS_ASSERTIONS = NO;
				ENABLE_STRICT_OBJC_MSGSEND = YES;
				GCC_C_LANGUAGE_STANDARD = gnu11;
				GCC_NO_COMMON_BLOCKS = YES;
				GCC_WARN_64_TO_32_BIT_CONVERSION = YES;
				GCC_WARN_ABOUT_RETURN_TYPE = YES_ERROR;
				GCC_WARN_UNDECLARED_SELECTOR = YES;
				GCC_WARN_UNINITIALIZED_AUTOS = YES_AGGRESSIVE;
				GCC_WARN_UNUSED_FUNCTION = YES;
				GCC_WARN_UNUSED_VARIABLE = YES;
				IPHONEOS_DEPLOYMENT_TARGET = 16.4;
				MTL_ENABLE_DEBUG_INFO = NO;
				MTL_FAST_MATH = YES;
				SDKROOT = iphoneos;
				SWIFT_COMPILATION_MODE = wholemodule;
				SWIFT_OPTIMIZATION_LEVEL = "-O";
				VALIDATE_PRODUCT = YES;
			};
			name = Release;
		};
		BD333CD32A8C036500E98753 /* Debug */ = {
			isa = XCBuildConfiguration;
			buildSettings = {
				ASSETCATALOG_COMPILER_APPICON_NAME = AppIcon;
				ASSETCATALOG_COMPILER_GLOBAL_ACCENT_COLOR_NAME = AccentColor;
				CODE_SIGN_STYLE = Automatic;
				CURRENT_PROJECT_VERSION = 1;
				DEVELOPMENT_ASSET_PATHS = "\"EatForAll/Preview Content\"";
				DEVELOPMENT_TEAM = GTF5LR5BDF;
				ENABLE_PREVIEWS = YES;
				GENERATE_INFOPLIST_FILE = YES;
				INFOPLIST_KEY_UIApplicationSceneManifest_Generation = YES;
				INFOPLIST_KEY_UIApplicationSupportsIndirectInputEvents = YES;
				INFOPLIST_KEY_UILaunchScreen_Generation = YES;
				INFOPLIST_KEY_UISupportedInterfaceOrientations_iPad = "UIInterfaceOrientationPortrait UIInterfaceOrientationPortraitUpsideDown UIInterfaceOrientationLandscapeLeft UIInterfaceOrientationLandscapeRight";
				INFOPLIST_KEY_UISupportedInterfaceOrientations_iPhone = "UIInterfaceOrientationPortrait UIInterfaceOrientationLandscapeLeft UIInterfaceOrientationLandscapeRight";
				LD_RUNPATH_SEARCH_PATHS = (
					"$(inherited)",
					"@executable_path/Frameworks",
				);
				MARKETING_VERSION = 1.0;
				PRODUCT_BUNDLE_IDENTIFIER = KwK.EatForAll;
				PRODUCT_NAME = "$(TARGET_NAME)";
				SWIFT_EMIT_LOC_STRINGS = YES;
				SWIFT_VERSION = 5.0;
				TARGETED_DEVICE_FAMILY = "1,2";
			};
			name = Debug;
		};
		BD333CD42A8C036500E98753 /* Release */ = {
			isa = XCBuildConfiguration;
			buildSettings = {
				ASSETCATALOG_COMPILER_APPICON_NAME = AppIcon;
				ASSETCATALOG_COMPILER_GLOBAL_ACCENT_COLOR_NAME = AccentColor;
				CODE_SIGN_STYLE = Automatic;
				CURRENT_PROJECT_VERSION = 1;
				DEVELOPMENT_ASSET_PATHS = "\"EatForAll/Preview Content\"";
				DEVELOPMENT_TEAM = GTF5LR5BDF;
				ENABLE_PREVIEWS = YES;
				GENERATE_INFOPLIST_FILE = YES;
				INFOPLIST_KEY_UIApplicationSceneManifest_Generation = YES;
				INFOPLIST_KEY_UIApplicationSupportsIndirectInputEvents = YES;
				INFOPLIST_KEY_UILaunchScreen_Generation = YES;
				INFOPLIST_KEY_UISupportedInterfaceOrientations_iPad = "UIInterfaceOrientationPortrait UIInterfaceOrientationPortraitUpsideDown UIInterfaceOrientationLandscapeLeft UIInterfaceOrientationLandscapeRight";
				INFOPLIST_KEY_UISupportedInterfaceOrientations_iPhone = "UIInterfaceOrientationPortrait UIInterfaceOrientationLandscapeLeft UIInterfaceOrientationLandscapeRight";
				LD_RUNPATH_SEARCH_PATHS = (
					"$(inherited)",
					"@executable_path/Frameworks",
				);
				MARKETING_VERSION = 1.0;
				PRODUCT_BUNDLE_IDENTIFIER = KwK.EatForAll;
				PRODUCT_NAME = "$(TARGET_NAME)";
				SWIFT_EMIT_LOC_STRINGS = YES;
				SWIFT_VERSION = 5.0;
				TARGETED_DEVICE_FAMILY = "1,2";
			};
			name = Release;
		};
		BD333CD62A8C036500E98753 /* Debug */ = {
			isa = XCBuildConfiguration;
			buildSettings = {
				ALWAYS_EMBED_SWIFT_STANDARD_LIBRARIES = YES;
				BUNDLE_LOADER = "$(TEST_HOST)";
				CODE_SIGN_STYLE = Automatic;
				CURRENT_PROJECT_VERSION = 1;
				DEVELOPMENT_TEAM = GTF5LR5BDF;
				GENERATE_INFOPLIST_FILE = YES;
				IPHONEOS_DEPLOYMENT_TARGET = 16.4;
				MARKETING_VERSION = 1.0;
				PRODUCT_BUNDLE_IDENTIFIER = KwK.EatForAllTests;
				PRODUCT_NAME = "$(TARGET_NAME)";
				SWIFT_EMIT_LOC_STRINGS = NO;
				SWIFT_VERSION = 5.0;
				TARGETED_DEVICE_FAMILY = "1,2";
				TEST_HOST = "$(BUILT_PRODUCTS_DIR)/EatForAll.app/$(BUNDLE_EXECUTABLE_FOLDER_PATH)/EatForAll";
			};
			name = Debug;
		};
		BD333CD72A8C036500E98753 /* Release */ = {
			isa = XCBuildConfiguration;
			buildSettings = {
				ALWAYS_EMBED_SWIFT_STANDARD_LIBRARIES = YES;
				BUNDLE_LOADER = "$(TEST_HOST)";
				CODE_SIGN_STYLE = Automatic;
				CURRENT_PROJECT_VERSION = 1;
				DEVELOPMENT_TEAM = GTF5LR5BDF;
				GENERATE_INFOPLIST_FILE = YES;
				IPHONEOS_DEPLOYMENT_TARGET = 16.4;
				MARKETING_VERSION = 1.0;
				PRODUCT_BUNDLE_IDENTIFIER = KwK.EatForAllTests;
				PRODUCT_NAME = "$(TARGET_NAME)";
				SWIFT_EMIT_LOC_STRINGS = NO;
				SWIFT_VERSION = 5.0;
				TARGETED_DEVICE_FAMILY = "1,2";
				TEST_HOST = "$(BUILT_PRODUCTS_DIR)/EatForAll.app/$(BUNDLE_EXECUTABLE_FOLDER_PATH)/EatForAll";
			};
			name = Release;
		};
		BD333CD92A8C036500E98753 /* Debug */ = {
			isa = XCBuildConfiguration;
			buildSettings = {
				ALWAYS_EMBED_SWIFT_STANDARD_LIBRARIES = YES;
				CODE_SIGN_STYLE = Automatic;
				CURRENT_PROJECT_VERSION = 1;
				DEVELOPMENT_TEAM = GTF5LR5BDF;
				GENERATE_INFOPLIST_FILE = YES;
				MARKETING_VERSION = 1.0;
				PRODUCT_BUNDLE_IDENTIFIER = KwK.EatForAllUITests;
				PRODUCT_NAME = "$(TARGET_NAME)";
				SWIFT_EMIT_LOC_STRINGS = NO;
				SWIFT_VERSION = 5.0;
				TARGETED_DEVICE_FAMILY = "1,2";
				TEST_TARGET_NAME = EatForAll;
			};
			name = Debug;
		};
		BD333CDA2A8C036500E98753 /* Release */ = {
			isa = XCBuildConfiguration;
			buildSettings = {
				ALWAYS_EMBED_SWIFT_STANDARD_LIBRARIES = YES;
				CODE_SIGN_STYLE = Automatic;
				CURRENT_PROJECT_VERSION = 1;
				DEVELOPMENT_TEAM = GTF5LR5BDF;
				GENERATE_INFOPLIST_FILE = YES;
				MARKETING_VERSION = 1.0;
				PRODUCT_BUNDLE_IDENTIFIER = KwK.EatForAllUITests;
				PRODUCT_NAME = "$(TARGET_NAME)";
				SWIFT_EMIT_LOC_STRINGS = NO;
				SWIFT_VERSION = 5.0;
				TARGETED_DEVICE_FAMILY = "1,2";
				TEST_TARGET_NAME = EatForAll;
			};
			name = Release;
		};
/* End XCBuildConfiguration section */

/* Begin XCConfigurationList section */
		BD333CA92A8C036300E98753 /* Build configuration list for PBXProject "EatForAll" */ = {
			isa = XCConfigurationList;
			buildConfigurations = (
				BD333CD02A8C036500E98753 /* Debug */,
				BD333CD12A8C036500E98753 /* Release */,
			);
			defaultConfigurationIsVisible = 0;
			defaultConfigurationName = Release;
		};
		BD333CD22A8C036500E98753 /* Build configuration list for PBXNativeTarget "EatForAll" */ = {
			isa = XCConfigurationList;
			buildConfigurations = (
				BD333CD32A8C036500E98753 /* Debug */,
				BD333CD42A8C036500E98753 /* Release */,
			);
			defaultConfigurationIsVisible = 0;
			defaultConfigurationName = Release;
		};
		BD333CD52A8C036500E98753 /* Build configuration list for PBXNativeTarget "EatForAllTests" */ = {
			isa = XCConfigurationList;
			buildConfigurations = (
				BD333CD62A8C036500E98753 /* Debug */,
				BD333CD72A8C036500E98753 /* Release */,
			);
			defaultConfigurationIsVisible = 0;
			defaultConfigurationName = Release;
		};
		BD333CD82A8C036500E98753 /* Build configuration list for PBXNativeTarget "EatForAllUITests" */ = {
			isa = XCConfigurationList;
			buildConfigurations = (
				BD333CD92A8C036500E98753 /* Debug */,
				BD333CDA2A8C036500E98753 /* Release */,
			);
			defaultConfigurationIsVisible = 0;
			defaultConfigurationName = Release;
		};
/* End XCConfigurationList section */
	};
	rootObject = BD333CA62A8C036300E98753 /* Project object */;
}
